// !$*UTF8*$!
{
	archiveVersion = 1;
	classes = {
	};
	objectVersion = 46;
	objects = {

/* Begin PBXBuildFile section */
		615EC2A01F211C6F0026739A /* SearchScreenViewController.swift in Sources */ = {isa = PBXBuildFile; fileRef = 615EC29E1F211C6F0026739A /* SearchScreenViewController.swift */; };
		615EC2A11F211C6F0026739A /* SearchScreenViewController.xib in Resources */ = {isa = PBXBuildFile; fileRef = 615EC29F1F211C6F0026739A /* SearchScreenViewController.xib */; };
		615EC2A41F211DAD0026739A /* LoginViewController.swift in Sources */ = {isa = PBXBuildFile; fileRef = 615EC2A21F211DAD0026739A /* LoginViewController.swift */; };
		615EC2A51F211DAD0026739A /* LoginViewController.xib in Resources */ = {isa = PBXBuildFile; fileRef = 615EC2A31F211DAD0026739A /* LoginViewController.xib */; };
		615EC2A81F211DC70026739A /* ResultsViewController.swift in Sources */ = {isa = PBXBuildFile; fileRef = 615EC2A61F211DC70026739A /* ResultsViewController.swift */; };
		615EC2A91F211DC70026739A /* ResultsViewController.xib in Resources */ = {isa = PBXBuildFile; fileRef = 615EC2A71F211DC70026739A /* ResultsViewController.xib */; };
		6F12D30B5C19BC944A278D04 /* Pods_Twitterater.framework in Frameworks */ = {isa = PBXBuildFile; fileRef = A9E7B20B498429F8E435E0EF /* Pods_Twitterater.framework */; };
		C33D019F1F210A6700B25659 /* AppDelegate.swift in Sources */ = {isa = PBXBuildFile; fileRef = C33D019E1F210A6700B25659 /* AppDelegate.swift */; };
		C33D01A71F210A6700B25659 /* Twitterater.xcdatamodeld in Sources */ = {isa = PBXBuildFile; fileRef = C33D01A51F210A6700B25659 /* Twitterater.xcdatamodeld */; };
		C33D01A91F210A6700B25659 /* Assets.xcassets in Resources */ = {isa = PBXBuildFile; fileRef = C33D01A81F210A6700B25659 /* Assets.xcassets */; };
		C33D01AC1F210A6700B25659 /* LaunchScreen.storyboard in Resources */ = {isa = PBXBuildFile; fileRef = C33D01AA1F210A6700B25659 /* LaunchScreen.storyboard */; };
/* End PBXBuildFile section */

/* Begin PBXFileReference section */
		615EC29E1F211C6F0026739A /* SearchScreenViewController.swift */ = {isa = PBXFileReference; fileEncoding = 4; lastKnownFileType = sourcecode.swift; path = SearchScreenViewController.swift; sourceTree = "<group>"; };
		615EC29F1F211C6F0026739A /* SearchScreenViewController.xib */ = {isa = PBXFileReference; fileEncoding = 4; lastKnownFileType = file.xib; path = SearchScreenViewController.xib; sourceTree = "<group>"; };
		615EC2A21F211DAD0026739A /* LoginViewController.swift */ = {isa = PBXFileReference; fileEncoding = 4; lastKnownFileType = sourcecode.swift; path = LoginViewController.swift; sourceTree = "<group>"; };
		615EC2A31F211DAD0026739A /* LoginViewController.xib */ = {isa = PBXFileReference; fileEncoding = 4; lastKnownFileType = file.xib; path = LoginViewController.xib; sourceTree = "<group>"; };
		615EC2A61F211DC70026739A /* ResultsViewController.swift */ = {isa = PBXFileReference; fileEncoding = 4; lastKnownFileType = sourcecode.swift; path = ResultsViewController.swift; sourceTree = "<group>"; };
		615EC2A71F211DC70026739A /* ResultsViewController.xib */ = {isa = PBXFileReference; fileEncoding = 4; lastKnownFileType = file.xib; path = ResultsViewController.xib; sourceTree = "<group>"; };
		7A0237108E447F7BF7384045 /* Pods-Twitterater.debug.xcconfig */ = {isa = PBXFileReference; includeInIndex = 1; lastKnownFileType = text.xcconfig; name = "Pods-Twitterater.debug.xcconfig"; path = "Pods/Target Support Files/Pods-Twitterater/Pods-Twitterater.debug.xcconfig"; sourceTree = "<group>"; };
		A9E7B20B498429F8E435E0EF /* Pods_Twitterater.framework */ = {isa = PBXFileReference; explicitFileType = wrapper.framework; includeInIndex = 0; path = Pods_Twitterater.framework; sourceTree = BUILT_PRODUCTS_DIR; };
		C33D019B1F210A6700B25659 /* Twitterater.app */ = {isa = PBXFileReference; explicitFileType = wrapper.application; includeInIndex = 0; path = Twitterater.app; sourceTree = BUILT_PRODUCTS_DIR; };
		C33D019E1F210A6700B25659 /* AppDelegate.swift */ = {isa = PBXFileReference; lastKnownFileType = sourcecode.swift; path = AppDelegate.swift; sourceTree = "<group>"; };
		C33D01A61F210A6700B25659 /* Twitterater.xcdatamodel */ = {isa = PBXFileReference; lastKnownFileType = wrapper.xcdatamodel; path = Twitterater.xcdatamodel; sourceTree = "<group>"; };
		C33D01A81F210A6700B25659 /* Assets.xcassets */ = {isa = PBXFileReference; lastKnownFileType = folder.assetcatalog; path = Assets.xcassets; sourceTree = "<group>"; };
		C33D01AB1F210A6700B25659 /* Base */ = {isa = PBXFileReference; lastKnownFileType = file.storyboard; name = Base; path = Base.lproj/LaunchScreen.storyboard; sourceTree = "<group>"; };
		C33D01AD1F210A6700B25659 /* Info.plist */ = {isa = PBXFileReference; lastKnownFileType = text.plist.xml; path = Info.plist; sourceTree = "<group>"; };
		D8E58ABCCB0CBEA473169826 /* Pods-Twitterater.release.xcconfig */ = {isa = PBXFileReference; includeInIndex = 1; lastKnownFileType = text.xcconfig; name = "Pods-Twitterater.release.xcconfig"; path = "Pods/Target Support Files/Pods-Twitterater/Pods-Twitterater.release.xcconfig"; sourceTree = "<group>"; };
/* End PBXFileReference section */

/* Begin PBXFrameworksBuildPhase section */
		C33D01981F210A6700B25659 /* Frameworks */ = {
			isa = PBXFrameworksBuildPhase;
			buildActionMask = 2147483647;
			files = (
				6F12D30B5C19BC944A278D04 /* Pods_Twitterater.framework in Frameworks */,
			);
			runOnlyForDeploymentPostprocessing = 0;
		};
/* End PBXFrameworksBuildPhase section */

/* Begin PBXGroup section */
		251141BC03EA5FD7444CA048 /* Pods */ = {
			isa = PBXGroup;
			children = (
				7A0237108E447F7BF7384045 /* Pods-Twitterater.debug.xcconfig */,
				D8E58ABCCB0CBEA473169826 /* Pods-Twitterater.release.xcconfig */,
			);
			name = Pods;
			sourceTree = "<group>";
		};
		C33D01921F210A6700B25659 = {
			isa = PBXGroup;
			children = (
				C33D019D1F210A6700B25659 /* Twitterater */,
				C33D019C1F210A6700B25659 /* Products */,
				251141BC03EA5FD7444CA048 /* Pods */,
				E58B0440562EDC690EEEEDA9 /* Frameworks */,
			);
			sourceTree = "<group>";
		};
		C33D019C1F210A6700B25659 /* Products */ = {
			isa = PBXGroup;
			children = (
				C33D019B1F210A6700B25659 /* Twitterater.app */,
			);
			name = Products;
			sourceTree = "<group>";
		};
		C33D019D1F210A6700B25659 /* Twitterater */ = {
			isa = PBXGroup;
			children = (
				C33D019E1F210A6700B25659 /* AppDelegate.swift */,
				615EC29E1F211C6F0026739A /* SearchScreenViewController.swift */,
				615EC29F1F211C6F0026739A /* SearchScreenViewController.xib */,
				615EC2A21F211DAD0026739A /* LoginViewController.swift */,
				615EC2A31F211DAD0026739A /* LoginViewController.xib */,
				615EC2A61F211DC70026739A /* ResultsViewController.swift */,
				615EC2A71F211DC70026739A /* ResultsViewController.xib */,
				C33D01A81F210A6700B25659 /* Assets.xcassets */,
				C33D01AA1F210A6700B25659 /* LaunchScreen.storyboard */,
				C33D01AD1F210A6700B25659 /* Info.plist */,
				C33D01A51F210A6700B25659 /* Twitterater.xcdatamodeld */,
			);
			path = Twitterater;
			sourceTree = "<group>";
		};
		E58B0440562EDC690EEEEDA9 /* Frameworks */ = {
			isa = PBXGroup;
			children = (
				A9E7B20B498429F8E435E0EF /* Pods_Twitterater.framework */,
			);
			name = Frameworks;
			sourceTree = "<group>";
		};
/* End PBXGroup section */

/* Begin PBXNativeTarget section */
		C33D019A1F210A6700B25659 /* Twitterater */ = {
			isa = PBXNativeTarget;
			buildConfigurationList = C33D01B01F210A6700B25659 /* Build configuration list for PBXNativeTarget "Twitterater" */;
			buildPhases = (
				11AE07926710A6D836A251B9 /* [CP] Check Pods Manifest.lock */,
				C33D01971F210A6700B25659 /* Sources */,
				C33D01981F210A6700B25659 /* Frameworks */,
				C33D01991F210A6700B25659 /* Resources */,
				B16944B2C1591F54381CFE83 /* [CP] Embed Pods Frameworks */,
				38B8D66E49EFE386DC178496 /* [CP] Copy Pods Resources */,
			);
			buildRules = (
			);
			dependencies = (
			);
			name = Twitterater;
			productName = Twitterater;
			productReference = C33D019B1F210A6700B25659 /* Twitterater.app */;
			productType = "com.apple.product-type.application";
		};
/* End PBXNativeTarget section */

/* Begin PBXProject section */
		C33D01931F210A6700B25659 /* Project object */ = {
			isa = PBXProject;
			attributes = {
				LastSwiftUpdateCheck = 0830;
				LastUpgradeCheck = 0830;
				ORGANIZATIONNAME = JStrawn;
				TargetAttributes = {
					C33D019A1F210A6700B25659 = {
						CreatedOnToolsVersion = 8.3.1;
						DevelopmentTeam = JJQX5AR27M;
						ProvisioningStyle = Automatic;
					};
				};
			};
			buildConfigurationList = C33D01961F210A6700B25659 /* Build configuration list for PBXProject "Twitterater" */;
			compatibilityVersion = "Xcode 3.2";
			developmentRegion = English;
			hasScannedForEncodings = 0;
			knownRegions = (
				en,
				Base,
			);
			mainGroup = C33D01921F210A6700B25659;
			productRefGroup = C33D019C1F210A6700B25659 /* Products */;
			projectDirPath = "";
			projectRoot = "";
			targets = (
				C33D019A1F210A6700B25659 /* Twitterater */,
			);
		};
/* End PBXProject section */

/* Begin PBXResourcesBuildPhase section */
		C33D01991F210A6700B25659 /* Resources */ = {
			isa = PBXResourcesBuildPhase;
			buildActionMask = 2147483647;
			files = (
				615EC2A51F211DAD0026739A /* LoginViewController.xib in Resources */,
				C33D01AC1F210A6700B25659 /* LaunchScreen.storyboard in Resources */,
				615EC2A91F211DC70026739A /* ResultsViewController.xib in Resources */,
				615EC2A11F211C6F0026739A /* SearchScreenViewController.xib in Resources */,
				C33D01A91F210A6700B25659 /* Assets.xcassets in Resources */,
			);
			runOnlyForDeploymentPostprocessing = 0;
		};
/* End PBXResourcesBuildPhase section */

/* Begin PBXShellScriptBuildPhase section */
		11AE07926710A6D836A251B9 /* [CP] Check Pods Manifest.lock */ = {
			isa = PBXShellScriptBuildPhase;
			buildActionMask = 2147483647;
			files = (
			);
			inputPaths = (
			);
			name = "[CP] Check Pods Manifest.lock";
			outputPaths = (
			);
			runOnlyForDeploymentPostprocessing = 0;
			shellPath = /bin/sh;
			shellScript = "diff \"${PODS_ROOT}/../Podfile.lock\" \"${PODS_ROOT}/Manifest.lock\" > /dev/null\nif [ $? != 0 ] ; then\n    # print error to STDERR\n    echo \"error: The sandbox is not in sync with the Podfile.lock. Run 'pod install' or update your CocoaPods installation.\" >&2\n    exit 1\nfi\n";
			showEnvVarsInLog = 0;
		};
		38B8D66E49EFE386DC178496 /* [CP] Copy Pods Resources */ = {
			isa = PBXShellScriptBuildPhase;
			buildActionMask = 2147483647;
			files = (
			);
			inputPaths = (
			);
			name = "[CP] Copy Pods Resources";
			outputPaths = (
			);
			runOnlyForDeploymentPostprocessing = 0;
			shellPath = /bin/sh;
			shellScript = "\"${SRCROOT}/Pods/Target Support Files/Pods-Twitterater/Pods-Twitterater-resources.sh\"\n";
			showEnvVarsInLog = 0;
		};
		B16944B2C1591F54381CFE83 /* [CP] Embed Pods Frameworks */ = {
			isa = PBXShellScriptBuildPhase;
			buildActionMask = 2147483647;
			files = (
			);
			inputPaths = (
			);
			name = "[CP] Embed Pods Frameworks";
			outputPaths = (
			);
			runOnlyForDeploymentPostprocessing = 0;
			shellPath = /bin/sh;
			shellScript = "\"${SRCROOT}/Pods/Target Support Files/Pods-Twitterater/Pods-Twitterater-frameworks.sh\"\n";
			showEnvVarsInLog = 0;
		};
/* End PBXShellScriptBuildPhase section */

/* Begin PBXSourcesBuildPhase section */
		C33D01971F210A6700B25659 /* Sources */ = {
			isa = PBXSourcesBuildPhase;
			buildActionMask = 2147483647;
			files = (
				615EC2A41F211DAD0026739A /* LoginViewController.swift in Sources */,
				C33D019F1F210A6700B25659 /* AppDelegate.swift in Sources */,
				615EC2A01F211C6F0026739A /* SearchScreenViewController.swift in Sources */,
				615EC2A81F211DC70026739A /* ResultsViewController.swift in Sources */,
				C33D01A71F210A6700B25659 /* Twitterater.xcdatamodeld in Sources */,
			);
			runOnlyForDeploymentPostprocessing = 0;
		};
/* End PBXSourcesBuildPhase section */

/* Begin PBXVariantGroup section */
		C33D01AA1F210A6700B25659 /* LaunchScreen.storyboard */ = {
			isa = PBXVariantGroup;
			children = (
				C33D01AB1F210A6700B25659 /* Base */,
			);
			name = LaunchScreen.storyboard;
			sourceTree = "<group>";
		};
/* End PBXVariantGroup section */

/* Begin XCBuildConfiguration section */
		C33D01AE1F210A6700B25659 /* Debug */ = {
			isa = XCBuildConfiguration;
			buildSettings = {
				ALWAYS_SEARCH_USER_PATHS = NO;
				CLANG_ANALYZER_NONNULL = YES;
				CLANG_ANALYZER_NUMBER_OBJECT_CONVERSION = YES_AGGRESSIVE;
				CLANG_CXX_LANGUAGE_STANDARD = "gnu++0x";
				CLANG_CXX_LIBRARY = "libc++";
				CLANG_ENABLE_MODULES = YES;
				CLANG_ENABLE_OBJC_ARC = YES;
				CLANG_WARN_BOOL_CONVERSION = YES;
				CLANG_WARN_CONSTANT_CONVERSION = YES;
				CLANG_WARN_DIRECT_OBJC_ISA_USAGE = YES_ERROR;
				CLANG_WARN_DOCUMENTATION_COMMENTS = YES;
				CLANG_WARN_EMPTY_BODY = YES;
				CLANG_WARN_ENUM_CONVERSION = YES;
				CLANG_WARN_INFINITE_RECURSION = YES;
				CLANG_WARN_INT_CONVERSION = YES;
				CLANG_WARN_OBJC_ROOT_CLASS = YES_ERROR;
				CLANG_WARN_SUSPICIOUS_MOVE = YES;
				CLANG_WARN_UNREACHABLE_CODE = YES;
				CLANG_WARN__DUPLICATE_METHOD_MATCH = YES;
				"CODE_SIGN_IDENTITY[sdk=iphoneos*]" = "iPhone Developer";
				COPY_PHASE_STRIP = NO;
				DEBUG_INFORMATION_FORMAT = dwarf;
				ENABLE_STRICT_OBJC_MSGSEND = YES;
				ENABLE_TESTABILITY = YES;
				GCC_C_LANGUAGE_STANDARD = gnu99;
				GCC_DYNAMIC_NO_PIC = NO;
				GCC_NO_COMMON_BLOCKS = YES;
				GCC_OPTIMIZATION_LEVEL = 0;
				GCC_PREPROCESSOR_DEFINITIONS = (
					"DEBUG=1",
					"$(inherited)",
				);
				GCC_WARN_64_TO_32_BIT_CONVERSION = YES;
				GCC_WARN_ABOUT_RETURN_TYPE = YES_ERROR;
				GCC_WARN_UNDECLARED_SELECTOR = YES;
				GCC_WARN_UNINITIALIZED_AUTOS = YES_AGGRESSIVE;
				GCC_WARN_UNUSED_FUNCTION = YES;
				GCC_WARN_UNUSED_VARIABLE = YES;
				IPHONEOS_DEPLOYMENT_TARGET = 10.3;
				MTL_ENABLE_DEBUG_INFO = YES;
				ONLY_ACTIVE_ARCH = YES;
				SDKROOT = iphoneos;
				SWIFT_ACTIVE_COMPILATION_CONDITIONS = DEBUG;
				SWIFT_OPTIMIZATION_LEVEL = "-Onone";
				TARGETED_DEVICE_FAMILY = "1,2";
			};
			name = Debug;
		};
		C33D01AF1F210A6700B25659 /* Release */ = {
			isa = XCBuildConfiguration;
			buildSettings = {
				ALWAYS_SEARCH_USER_PATHS = NO;
				CLANG_ANALYZER_NONNULL = YES;
				CLANG_ANALYZER_NUMBER_OBJECT_CONVERSION = YES_AGGRESSIVE;
				CLANG_CXX_LANGUAGE_STANDARD = "gnu++0x";
				CLANG_CXX_LIBRARY = "libc++";
				CLANG_ENABLE_MODULES = YES;
				CLANG_ENABLE_OBJC_ARC = YES;
				CLANG_WARN_BOOL_CONVERSION = YES;
				CLANG_WARN_CONSTANT_CONVERSION = YES;
				CLANG_WARN_DIRECT_OBJC_ISA_USAGE = YES_ERROR;
				CLANG_WARN_DOCUMENTATION_COMMENTS = YES;
				CLANG_WARN_EMPTY_BODY = YES;
				CLANG_WARN_ENUM_CONVERSION = YES;
				CLANG_WARN_INFINITE_RECURSION = YES;
				CLANG_WARN_INT_CONVERSION = YES;
				CLANG_WARN_OBJC_ROOT_CLASS = YES_ERROR;
				CLANG_WARN_SUSPICIOUS_MOVE = YES;
				CLANG_WARN_UNREACHABLE_CODE = YES;
				CLANG_WARN__DUPLICATE_METHOD_MATCH = YES;
				"CODE_SIGN_IDENTITY[sdk=iphoneos*]" = "iPhone Developer";
				COPY_PHASE_STRIP = NO;
				DEBUG_INFORMATION_FORMAT = "dwarf-with-dsym";
				ENABLE_NS_ASSERTIONS = NO;
				ENABLE_STRICT_OBJC_MSGSEND = YES;
				GCC_C_LANGUAGE_STANDARD = gnu99;
				GCC_NO_COMMON_BLOCKS = YES;
				GCC_WARN_64_TO_32_BIT_CONVERSION = YES;
				GCC_WARN_ABOUT_RETURN_TYPE = YES_ERROR;
				GCC_WARN_UNDECLARED_SELECTOR = YES;
				GCC_WARN_UNINITIALIZED_AUTOS = YES_AGGRESSIVE;
				GCC_WARN_UNUSED_FUNCTION = YES;
				GCC_WARN_UNUSED_VARIABLE = YES;
				IPHONEOS_DEPLOYMENT_TARGET = 10.3;
				MTL_ENABLE_DEBUG_INFO = NO;
				SDKROOT = iphoneos;
				SWIFT_OPTIMIZATION_LEVEL = "-Owholemodule";
				TARGETED_DEVICE_FAMILY = "1,2";
				VALIDATE_PRODUCT = YES;
			};
			name = Release;
		};
		C33D01B11F210A6700B25659 /* Debug */ = {
			isa = XCBuildConfiguration;
			baseConfigurationReference = 7A0237108E447F7BF7384045 /* Pods-Twitterater.debug.xcconfig */;
			buildSettings = {
				ASSETCATALOG_COMPILER_APPICON_NAME = AppIcon;
				DEVELOPMENT_TEAM = JJQX5AR27M;
				INFOPLIST_FILE = Twitterater/Info.plist;
				LD_RUNPATH_SEARCH_PATHS = "$(inherited) @executable_path/Frameworks";
				PRODUCT_BUNDLE_IDENTIFIER = com.jstrawn.Twitterater;
				PRODUCT_NAME = "$(TARGET_NAME)";
				SWIFT_VERSION = 3.0;
			};
			name = Debug;
		};
		C33D01B21F210A6700B25659 /* Release */ = {
			isa = XCBuildConfiguration;
			baseConfigurationReference = D8E58ABCCB0CBEA473169826 /* Pods-Twitterater.release.xcconfig */;
			buildSettings = {
				ASSETCATALOG_COMPILER_APPICON_NAME = AppIcon;
				DEVELOPMENT_TEAM = JJQX5AR27M;
				INFOPLIST_FILE = Twitterater/Info.plist;
				LD_RUNPATH_SEARCH_PATHS = "$(inherited) @executable_path/Frameworks";
				PRODUCT_BUNDLE_IDENTIFIER = com.jstrawn.Twitterater;
				PRODUCT_NAME = "$(TARGET_NAME)";
				SWIFT_VERSION = 3.0;
			};
			name = Release;
		};
/* End XCBuildConfiguration section */

/* Begin XCConfigurationList section */
		C33D01961F210A6700B25659 /* Build configuration list for PBXProject "Twitterater" */ = {
			isa = XCConfigurationList;
			buildConfigurations = (
				C33D01AE1F210A6700B25659 /* Debug */,
				C33D01AF1F210A6700B25659 /* Release */,
			);
			defaultConfigurationIsVisible = 0;
			defaultConfigurationName = Release;
		};
		C33D01B01F210A6700B25659 /* Build configuration list for PBXNativeTarget "Twitterater" */ = {
			isa = XCConfigurationList;
			buildConfigurations = (
				C33D01B11F210A6700B25659 /* Debug */,
				C33D01B21F210A6700B25659 /* Release */,
			);
			defaultConfigurationIsVisible = 0;
			defaultConfigurationName = Release;
		};
/* End XCConfigurationList section */

/* Begin XCVersionGroup section */
		C33D01A51F210A6700B25659 /* Twitterater.xcdatamodeld */ = {
			isa = XCVersionGroup;
			children = (
				C33D01A61F210A6700B25659 /* Twitterater.xcdatamodel */,
			);
			currentVersion = C33D01A61F210A6700B25659 /* Twitterater.xcdatamodel */;
			path = Twitterater.xcdatamodeld;
			sourceTree = "<group>";
			versionGroupType = wrapper.xcdatamodel;
		};
/* End XCVersionGroup section */
	};
	rootObject = C33D01931F210A6700B25659 /* Project object */;
}
